
Microsoft Visual Studio Solution File, Format Version 12.00
# Visual Studio 14
VisualStudioVersion = 14.0.25420.1
MinimumVisualStudioVersion = 10.0.40219.1
Project("{2150E333-8FDC-42A3-9474-1A3956D46DE8}") = "Common", "Common", "{51741688-D518-4396-916F-23F61EC69C61}"
EndProject
Project("{FAE04EC0-301F-11D3-BF4B-00C04F79EFBC}") = "Sandbox.Common", "Sandbox.Common\Sandbox.Common.csproj", "{FB023EE7-6454-4A11-88C1-C20D9B2681BD}"
EndProject
Project("{2150E333-8FDC-42A3-9474-1A3956D46DE8}") = "Clients", "Clients", "{55BD7F35-4A91-49C8-831B-9D59092B5ED5}"
EndProject
Project("{FAE04EC0-301F-11D3-BF4B-00C04F79EFBC}") = "Sandbox.WebApi", "Sandbox.WebApi\Sandbox.WebApi.csproj", "{FB26E4F3-8D11-4548-9F49-9C914B8B57F1}"
EndProject
Project("{FAE04EC0-301F-11D3-BF4B-00C04F79EFBC}") = "Sandbox.WebApi.Only", "Sandbox.WebApi.Only\Sandbox.WebApi.Only.csproj", "{3EF8B96B-2EA8-4196-9B2B-A1C7B3D7F0E4}"
EndProject
Project("{FAE04EC0-301F-11D3-BF4B-00C04F79EFBC}") = "Sandbox.MVC", "Sandbox.MVC\Sandbox.MVC.csproj", "{09DBEE0D-618F-4E77-91B2-C7E3A5CA05FD}"
EndProject
Project("{FAE04EC0-301F-11D3-BF4B-00C04F79EFBC}") = "Sandbox.GuidGenerator", "Sandbox.GuidGenerator\Sandbox.GuidGenerator.csproj", "{26C94B92-42E4-4422-9430-96CDB1595D24}"
EndProject
Project("{FAE04EC0-301F-11D3-BF4B-00C04F79EFBC}") = "Sandbox.ImageResizer", "Sandbox.ImageResizer\Sandbox.ImageResizer.csproj", "{F098E7A1-2976-4D97-B455-F6ACEA0873F3}"
EndProject
Project("{FAE04EC0-301F-11D3-BF4B-00C04F79EFBC}") = "Sandbox.ResponsivePatterns", "Sandbox.ResponsivePatterns\Sandbox.ResponsivePatterns.csproj", "{66F13293-0CBE-45B1-838A-B738EE1C9146}"
EndProject
Project("{2150E333-8FDC-42A3-9474-1A3956D46DE8}") = ".nuget", ".nuget", "{DA781910-2A1D-4469-9774-F89B3C01CF53}"
	ProjectSection(SolutionItems) = preProject
		.nuget\NuGet.Config = .nuget\NuGet.Config
		.nuget\NuGet.exe = .nuget\NuGet.exe
		.nuget\NuGet.targets = .nuget\NuGet.targets
	EndProjectSection
EndProject
Project("{FAE04EC0-301F-11D3-BF4B-00C04F79EFBC}") = "Sandbox.AsynDemo", "Sandbox.AsynDemo\Sandbox.AsynDemo.csproj", "{FC232B91-EEAC-4635-AAC6-7813E193D926}"
EndProject
Project("{FAE04EC0-301F-11D3-BF4B-00C04F79EFBC}") = "Sandbox.Misc", "Sandbox.Misc\Sandbox.Misc.csproj", "{584A4162-AC6D-4F4F-B299-2C5CC237FA3D}"
EndProject
Project("{FAE04EC0-301F-11D3-BF4B-00C04F79EFBC}") = "Sandbox.BackgroundWorkerDemo", "Sandbox.BackgroundWorkerDemo\Sandbox.BackgroundWorkerDemo.csproj", "{7FD761DB-EFBE-4586-8C2A-97FE0418580E}"
EndProject
Project("{FAE04EC0-301F-11D3-BF4B-00C04F79EFBC}") = "Sandbox.SharpZipLib", "Sandbox.SharpZipLib\Sandbox.SharpZipLib.csproj", "{A44A7DF6-3C53-491A-8A17-069DA3E0EB75}"
EndProject
Project("{FAE04EC0-301F-11D3-BF4B-00C04F79EFBC}") = "Sandbox.ActionsDelegatesMethods", "Sandbox.ActionsDelegatesMethods\Sandbox.ActionsDelegatesMethods.csproj", "{91C033C7-EFEF-41E8-BD12-59F830B6E7A9}"
EndProject
Project("{FAE04EC0-301F-11D3-BF4B-00C04F79EFBC}") = "Sandbox.BinaryFiles", "Sandbox.BinaryFiles\Sandbox.BinaryFiles.csproj", "{4E0C7B66-F295-4CE8-902B-D52D3AC44790}"
EndProject
Project("{FAE04EC0-301F-11D3-BF4B-00C04F79EFBC}") = "Sandbox.AdoDotNet", "Sandbox.AdoDotNet\Sandbox.AdoDotNet.csproj", "{46827BFC-B9FF-4F37-B257-8F885FF2E294}"
EndProject
Project("{FAE04EC0-301F-11D3-BF4B-00C04F79EFBC}") = "Sandbox.Miscellaneous", "Sandbox.Miscellaneous\Sandbox.Miscellaneous.csproj", "{F710C379-5346-4630-BB6E-684D4103AFF8}"
EndProject
Project("{FAE04EC0-301F-11D3-BF4B-00C04F79EFBC}") = "Sandbox.CollectionsDemo", "Sandbox.CollectionsDemo\Sandbox.CollectionsDemo.csproj", "{E0EAA08F-EA38-49C5-BEB9-4C1DF6BC8F81}"
EndProject
Project("{2150E333-8FDC-42A3-9474-1A3956D46DE8}") = "Web", "Web", "{44F08E15-7D57-4B19-BEF5-DEC8DF70EB2C}"
EndProject
Project("{8BB2217D-0F2D-49D1-97BC-3654ED321F3B}") = "WebAppCore", "WebAppCore\WebAppCore.xproj", "{9482B263-CF79-4F43-9C05-A2C9C3005D06}"
EndProject
Project("{8BB2217D-0F2D-49D1-97BC-3654ED321F3B}") = "WebAppCoreMain", "WebAppCoreMain\WebAppCoreMain.xproj", "{4429DDA3-7559-4A02-B2CF-825CF2635C43}"
EndProject
Global
	GlobalSection(SolutionConfigurationPlatforms) = preSolution
		Debug|Any CPU = Debug|Any CPU
		Release|Any CPU = Release|Any CPU
	EndGlobalSection
	GlobalSection(ProjectConfigurationPlatforms) = postSolution
		{FB023EE7-6454-4A11-88C1-C20D9B2681BD}.Debug|Any CPU.ActiveCfg = Debug|Any CPU
		{FB023EE7-6454-4A11-88C1-C20D9B2681BD}.Debug|Any CPU.Build.0 = Debug|Any CPU
		{FB023EE7-6454-4A11-88C1-C20D9B2681BD}.Release|Any CPU.ActiveCfg = Release|Any CPU
		{FB023EE7-6454-4A11-88C1-C20D9B2681BD}.Release|Any CPU.Build.0 = Release|Any CPU
		{FB26E4F3-8D11-4548-9F49-9C914B8B57F1}.Debug|Any CPU.ActiveCfg = Debug|Any CPU
		{FB26E4F3-8D11-4548-9F49-9C914B8B57F1}.Debug|Any CPU.Build.0 = Debug|Any CPU
		{FB26E4F3-8D11-4548-9F49-9C914B8B57F1}.Release|Any CPU.ActiveCfg = Release|Any CPU
		{FB26E4F3-8D11-4548-9F49-9C914B8B57F1}.Release|Any CPU.Build.0 = Release|Any CPU
		{3EF8B96B-2EA8-4196-9B2B-A1C7B3D7F0E4}.Debug|Any CPU.ActiveCfg = Debug|Any CPU
		{3EF8B96B-2EA8-4196-9B2B-A1C7B3D7F0E4}.Debug|Any CPU.Build.0 = Debug|Any CPU
		{3EF8B96B-2EA8-4196-9B2B-A1C7B3D7F0E4}.Release|Any CPU.ActiveCfg = Release|Any CPU
		{3EF8B96B-2EA8-4196-9B2B-A1C7B3D7F0E4}.Release|Any CPU.Build.0 = Release|Any CPU
		{09DBEE0D-618F-4E77-91B2-C7E3A5CA05FD}.Debug|Any CPU.ActiveCfg = Debug|Any CPU
		{09DBEE0D-618F-4E77-91B2-C7E3A5CA05FD}.Debug|Any CPU.Build.0 = Debug|Any CPU
		{09DBEE0D-618F-4E77-91B2-C7E3A5CA05FD}.Release|Any CPU.ActiveCfg = Release|Any CPU
		{09DBEE0D-618F-4E77-91B2-C7E3A5CA05FD}.Release|Any CPU.Build.0 = Release|Any CPU
		{26C94B92-42E4-4422-9430-96CDB1595D24}.Debug|Any CPU.ActiveCfg = Debug|Any CPU
		{26C94B92-42E4-4422-9430-96CDB1595D24}.Debug|Any CPU.Build.0 = Debug|Any CPU
		{26C94B92-42E4-4422-9430-96CDB1595D24}.Release|Any CPU.ActiveCfg = Release|Any CPU
		{26C94B92-42E4-4422-9430-96CDB1595D24}.Release|Any CPU.Build.0 = Release|Any CPU
		{F098E7A1-2976-4D97-B455-F6ACEA0873F3}.Debug|Any CPU.ActiveCfg = Debug|Any CPU
		{F098E7A1-2976-4D97-B455-F6ACEA0873F3}.Debug|Any CPU.Build.0 = Debug|Any CPU
		{F098E7A1-2976-4D97-B455-F6ACEA0873F3}.Release|Any CPU.ActiveCfg = Release|Any CPU
		{F098E7A1-2976-4D97-B455-F6ACEA0873F3}.Release|Any CPU.Build.0 = Release|Any CPU
		{66F13293-0CBE-45B1-838A-B738EE1C9146}.Debug|Any CPU.ActiveCfg = Debug|Any CPU
		{66F13293-0CBE-45B1-838A-B738EE1C9146}.Debug|Any CPU.Build.0 = Debug|Any CPU
		{66F13293-0CBE-45B1-838A-B738EE1C9146}.Release|Any CPU.ActiveCfg = Release|Any CPU
		{66F13293-0CBE-45B1-838A-B738EE1C9146}.Release|Any CPU.Build.0 = Release|Any CPU
		{FC232B91-EEAC-4635-AAC6-7813E193D926}.Debug|Any CPU.ActiveCfg = Debug|Any CPU
		{FC232B91-EEAC-4635-AAC6-7813E193D926}.Debug|Any CPU.Build.0 = Debug|Any CPU
		{FC232B91-EEAC-4635-AAC6-7813E193D926}.Release|Any CPU.ActiveCfg = Release|Any CPU
		{FC232B91-EEAC-4635-AAC6-7813E193D926}.Release|Any CPU.Build.0 = Release|Any CPU
		{584A4162-AC6D-4F4F-B299-2C5CC237FA3D}.Debug|Any CPU.ActiveCfg = Debug|Any CPU
		{584A4162-AC6D-4F4F-B299-2C5CC237FA3D}.Debug|Any CPU.Build.0 = Debug|Any CPU
		{584A4162-AC6D-4F4F-B299-2C5CC237FA3D}.Release|Any CPU.ActiveCfg = Release|Any CPU
		{584A4162-AC6D-4F4F-B299-2C5CC237FA3D}.Release|Any CPU.Build.0 = Release|Any CPU
		{7FD761DB-EFBE-4586-8C2A-97FE0418580E}.Debug|Any CPU.ActiveCfg = Debug|Any CPU
		{7FD761DB-EFBE-4586-8C2A-97FE0418580E}.Debug|Any CPU.Build.0 = Debug|Any CPU
		{7FD761DB-EFBE-4586-8C2A-97FE0418580E}.Release|Any CPU.ActiveCfg = Release|Any CPU
		{7FD761DB-EFBE-4586-8C2A-97FE0418580E}.Release|Any CPU.Build.0 = Release|Any CPU
		{A44A7DF6-3C53-491A-8A17-069DA3E0EB75}.Debug|Any CPU.ActiveCfg = Debug|Any CPU
		{A44A7DF6-3C53-491A-8A17-069DA3E0EB75}.Debug|Any CPU.Build.0 = Debug|Any CPU
		{A44A7DF6-3C53-491A-8A17-069DA3E0EB75}.Release|Any CPU.ActiveCfg = Release|Any CPU
		{A44A7DF6-3C53-491A-8A17-069DA3E0EB75}.Release|Any CPU.Build.0 = Release|Any CPU
		{91C033C7-EFEF-41E8-BD12-59F830B6E7A9}.Debug|Any CPU.ActiveCfg = Debug|Any CPU
		{91C033C7-EFEF-41E8-BD12-59F830B6E7A9}.Debug|Any CPU.Build.0 = Debug|Any CPU
		{91C033C7-EFEF-41E8-BD12-59F830B6E7A9}.Release|Any CPU.ActiveCfg = Release|Any CPU
		{91C033C7-EFEF-41E8-BD12-59F830B6E7A9}.Release|Any CPU.Build.0 = Release|Any CPU
		{4E0C7B66-F295-4CE8-902B-D52D3AC44790}.Debug|Any CPU.ActiveCfg = Debug|Any CPU
		{4E0C7B66-F295-4CE8-902B-D52D3AC44790}.Debug|Any CPU.Build.0 = Debug|Any CPU
		{4E0C7B66-F295-4CE8-902B-D52D3AC44790}.Release|Any CPU.ActiveCfg = Release|Any CPU
		{4E0C7B66-F295-4CE8-902B-D52D3AC44790}.Release|Any CPU.Build.0 = Release|Any CPU
		{46827BFC-B9FF-4F37-B257-8F885FF2E294}.Debug|Any CPU.ActiveCfg = Debug|Any CPU
		{46827BFC-B9FF-4F37-B257-8F885FF2E294}.Debug|Any CPU.Build.0 = Debug|Any CPU
		{46827BFC-B9FF-4F37-B257-8F885FF2E294}.Release|Any CPU.ActiveCfg = Release|Any CPU
		{46827BFC-B9FF-4F37-B257-8F885FF2E294}.Release|Any CPU.Build.0 = Release|Any CPU
		{F710C379-5346-4630-BB6E-684D4103AFF8}.Debug|Any CPU.ActiveCfg = Debug|Any CPU
		{F710C379-5346-4630-BB6E-684D4103AFF8}.Debug|Any CPU.Build.0 = Debug|Any CPU
		{F710C379-5346-4630-BB6E-684D4103AFF8}.Release|Any CPU.ActiveCfg = Release|Any CPU
		{F710C379-5346-4630-BB6E-684D4103AFF8}.Release|Any CPU.Build.0 = Release|Any CPU
		{E0EAA08F-EA38-49C5-BEB9-4C1DF6BC8F81}.Debug|Any CPU.ActiveCfg = Debug|Any CPU
		{E0EAA08F-EA38-49C5-BEB9-4C1DF6BC8F81}.Debug|Any CPU.Build.0 = Debug|Any CPU
		{E0EAA08F-EA38-49C5-BEB9-4C1DF6BC8F81}.Release|Any CPU.ActiveCfg = Release|Any CPU
		{E0EAA08F-EA38-49C5-BEB9-4C1DF6BC8F81}.Release|Any CPU.Build.0 = Release|Any CPU
		{9482B263-CF79-4F43-9C05-A2C9C3005D06}.Debug|Any CPU.ActiveCfg = Debug|Any CPU
		{9482B263-CF79-4F43-9C05-A2C9C3005D06}.Debug|Any CPU.Build.0 = Debug|Any CPU
		{9482B263-CF79-4F43-9C05-A2C9C3005D06}.Release|Any CPU.ActiveCfg = Release|Any CPU
		{9482B263-CF79-4F43-9C05-A2C9C3005D06}.Release|Any CPU.Build.0 = Release|Any CPU
		{4429DDA3-7559-4A02-B2CF-825CF2635C43}.Debug|Any CPU.ActiveCfg = Debug|Any CPU
		{4429DDA3-7559-4A02-B2CF-825CF2635C43}.Debug|Any CPU.Build.0 = Debug|Any CPU
		{4429DDA3-7559-4A02-B2CF-825CF2635C43}.Release|Any CPU.ActiveCfg = Release|Any CPU
		{4429DDA3-7559-4A02-B2CF-825CF2635C43}.Release|Any CPU.Build.0 = Release|Any CPU
	EndGlobalSection
	GlobalSection(SolutionProperties) = preSolution
		HideSolutionNode = FALSE
	EndGlobalSection
	GlobalSection(NestedProjects) = preSolution
		{FB023EE7-6454-4A11-88C1-C20D9B2681BD} = {51741688-D518-4396-916F-23F61EC69C61}
		{FB26E4F3-8D11-4548-9F49-9C914B8B57F1} = {55BD7F35-4A91-49C8-831B-9D59092B5ED5}
		{3EF8B96B-2EA8-4196-9B2B-A1C7B3D7F0E4} = {55BD7F35-4A91-49C8-831B-9D59092B5ED5}
		{09DBEE0D-618F-4E77-91B2-C7E3A5CA05FD} = {55BD7F35-4A91-49C8-831B-9D59092B5ED5}
		{26C94B92-42E4-4422-9430-96CDB1595D24} = {55BD7F35-4A91-49C8-831B-9D59092B5ED5}
		{F098E7A1-2976-4D97-B455-F6ACEA0873F3} = {55BD7F35-4A91-49C8-831B-9D59092B5ED5}
		{66F13293-0CBE-45B1-838A-B738EE1C9146} = {55BD7F35-4A91-49C8-831B-9D59092B5ED5}
		{FC232B91-EEAC-4635-AAC6-7813E193D926} = {55BD7F35-4A91-49C8-831B-9D59092B5ED5}
		{584A4162-AC6D-4F4F-B299-2C5CC237FA3D} = {55BD7F35-4A91-49C8-831B-9D59092B5ED5}
		{7FD761DB-EFBE-4586-8C2A-97FE0418580E} = {55BD7F35-4A91-49C8-831B-9D59092B5ED5}
		{A44A7DF6-3C53-491A-8A17-069DA3E0EB75} = {55BD7F35-4A91-49C8-831B-9D59092B5ED5}
		{91C033C7-EFEF-41E8-BD12-59F830B6E7A9} = {55BD7F35-4A91-49C8-831B-9D59092B5ED5}
		{4E0C7B66-F295-4CE8-902B-D52D3AC44790} = {55BD7F35-4A91-49C8-831B-9D59092B5ED5}
		{46827BFC-B9FF-4F37-B257-8F885FF2E294} = {55BD7F35-4A91-49C8-831B-9D59092B5ED5}
		{F710C379-5346-4630-BB6E-684D4103AFF8} = {55BD7F35-4A91-49C8-831B-9D59092B5ED5}
		{E0EAA08F-EA38-49C5-BEB9-4C1DF6BC8F81} = {55BD7F35-4A91-49C8-831B-9D59092B5ED5}
		{9482B263-CF79-4F43-9C05-A2C9C3005D06} = {44F08E15-7D57-4B19-BEF5-DEC8DF70EB2C}
		{4429DDA3-7559-4A02-B2CF-825CF2635C43} = {44F08E15-7D57-4B19-BEF5-DEC8DF70EB2C}
	EndGlobalSection
EndGlobal
